// !$*UTF8*$!
{
	archiveVersion = 1;
	classes = {
	};
	objectVersion = 55;
	objects = {

/* Begin PBXBuildFile section */
		81F0B481290C81EE008B1B84 /* AppDelegate.swift in Sources */ = {isa = PBXBuildFile; fileRef = 81F0B480290C81EE008B1B84 /* AppDelegate.swift */; };
		81F0B483290C81EE008B1B84 /* SceneDelegate.swift in Sources */ = {isa = PBXBuildFile; fileRef = 81F0B482290C81EE008B1B84 /* SceneDelegate.swift */; };
		81F0B488290C81EE008B1B84 /* Main.storyboard in Resources */ = {isa = PBXBuildFile; fileRef = 81F0B486290C81EE008B1B84 /* Main.storyboard */; };
		81F0B48A290C81F3008B1B84 /* Assets.xcassets in Resources */ = {isa = PBXBuildFile; fileRef = 81F0B489290C81F3008B1B84 /* Assets.xcassets */; };
		81F0B48D290C81F3008B1B84 /* LaunchScreen.storyboard in Resources */ = {isa = PBXBuildFile; fileRef = 81F0B48B290C81F3008B1B84 /* LaunchScreen.storyboard */; };
		81F0B495290C8299008B1B84 /* welcomeViewController.swift in Sources */ = {isa = PBXBuildFile; fileRef = 81F0B494290C8299008B1B84 /* welcomeViewController.swift */; };
		81F0B499290C85D9008B1B84 /* DestinationsViewController.swift in Sources */ = {isa = PBXBuildFile; fileRef = 81F0B498290C85D9008B1B84 /* DestinationsViewController.swift */; };
		81F0B49B290C85F6008B1B84 /* PastDestinationsViewController.swift in Sources */ = {isa = PBXBuildFile; fileRef = 81F0B49A290C85F6008B1B84 /* PastDestinationsViewController.swift */; };
		81F0B4CE290E238D008B1B84 /* DestinationCell.swift in Sources */ = {isa = PBXBuildFile; fileRef = 81F0B4CD290E238D008B1B84 /* DestinationCell.swift */; };
		81F0B4D0290E3057008B1B84 /* PackingListCell.swift in Sources */ = {isa = PBXBuildFile; fileRef = 81F0B4CF290E3057008B1B84 /* PackingListCell.swift */; };
		81F0B4D2290E3543008B1B84 /* PackingListViewController.swift in Sources */ = {isa = PBXBuildFile; fileRef = 81F0B4D1290E3543008B1B84 /* PackingListViewController.swift */; };
		81F0B4D4290F3CA7008B1B84 /* PastCell.swift in Sources */ = {isa = PBXBuildFile; fileRef = 81F0B4D3290F3CA7008B1B84 /* PastCell.swift */; };
		81F0B4D6290F3EE1008B1B84 /* AboutViewController.swift in Sources */ = {isa = PBXBuildFile; fileRef = 81F0B4D5290F3EE1008B1B84 /* AboutViewController.swift */; };
		81F0B56E29129989008B1B84 /* my-travel-checklist.xcdatamodeld in Sources */ = {isa = PBXBuildFile; fileRef = 81F0B56C29129989008B1B84 /* my-travel-checklist.xcdatamodeld */; };
		81F0B58A29134281008B1B84 /* CoreDataManager.swift in Sources */ = {isa = PBXBuildFile; fileRef = 81F0B58929134281008B1B84 /* CoreDataManager.swift */; };
/* End PBXBuildFile section */

/* Begin PBXFileReference section */
		81F0B47D290C81EE008B1B84 /* my-travel-checklist.app */ = {isa = PBXFileReference; explicitFileType = wrapper.application; includeInIndex = 0; path = "my-travel-checklist.app"; sourceTree = BUILT_PRODUCTS_DIR; };
		81F0B480290C81EE008B1B84 /* AppDelegate.swift */ = {isa = PBXFileReference; lastKnownFileType = sourcecode.swift; path = AppDelegate.swift; sourceTree = "<group>"; };
		81F0B482290C81EE008B1B84 /* SceneDelegate.swift */ = {isa = PBXFileReference; lastKnownFileType = sourcecode.swift; path = SceneDelegate.swift; sourceTree = "<group>"; };
		81F0B487290C81EE008B1B84 /* Base */ = {isa = PBXFileReference; lastKnownFileType = file.storyboard; name = Base; path = Base.lproj/Main.storyboard; sourceTree = "<group>"; };
		81F0B489290C81F3008B1B84 /* Assets.xcassets */ = {isa = PBXFileReference; lastKnownFileType = folder.assetcatalog; path = Assets.xcassets; sourceTree = "<group>"; };
		81F0B48C290C81F3008B1B84 /* Base */ = {isa = PBXFileReference; lastKnownFileType = file.storyboard; name = Base; path = Base.lproj/LaunchScreen.storyboard; sourceTree = "<group>"; };
		81F0B48E290C81F3008B1B84 /* Info.plist */ = {isa = PBXFileReference; lastKnownFileType = text.plist.xml; path = Info.plist; sourceTree = "<group>"; };
		81F0B494290C8299008B1B84 /* welcomeViewController.swift */ = {isa = PBXFileReference; lastKnownFileType = sourcecode.swift; path = welcomeViewController.swift; sourceTree = "<group>"; };
		81F0B498290C85D9008B1B84 /* DestinationsViewController.swift */ = {isa = PBXFileReference; lastKnownFileType = sourcecode.swift; path = DestinationsViewController.swift; sourceTree = "<group>"; };
		81F0B49A290C85F6008B1B84 /* PastDestinationsViewController.swift */ = {isa = PBXFileReference; lastKnownFileType = sourcecode.swift; path = PastDestinationsViewController.swift; sourceTree = "<group>"; };
		81F0B4CD290E238D008B1B84 /* DestinationCell.swift */ = {isa = PBXFileReference; lastKnownFileType = sourcecode.swift; path = DestinationCell.swift; sourceTree = "<group>"; };
		81F0B4CF290E3057008B1B84 /* PackingListCell.swift */ = {isa = PBXFileReference; lastKnownFileType = sourcecode.swift; path = PackingListCell.swift; sourceTree = "<group>"; };
		81F0B4D1290E3543008B1B84 /* PackingListViewController.swift */ = {isa = PBXFileReference; lastKnownFileType = sourcecode.swift; path = PackingListViewController.swift; sourceTree = "<group>"; };
		81F0B4D3290F3CA7008B1B84 /* PastCell.swift */ = {isa = PBXFileReference; lastKnownFileType = sourcecode.swift; path = PastCell.swift; sourceTree = "<group>"; };
		81F0B4D5290F3EE1008B1B84 /* AboutViewController.swift */ = {isa = PBXFileReference; lastKnownFileType = sourcecode.swift; path = AboutViewController.swift; sourceTree = "<group>"; };
		81F0B56D29129989008B1B84 /* my-travel-checklist.xcdatamodel */ = {isa = PBXFileReference; lastKnownFileType = wrapper.xcdatamodel; path = "my-travel-checklist.xcdatamodel"; sourceTree = "<group>"; };
		81F0B58929134281008B1B84 /* CoreDataManager.swift */ = {isa = PBXFileReference; lastKnownFileType = sourcecode.swift; path = CoreDataManager.swift; sourceTree = "<group>"; };
/* End PBXFileReference section */

/* Begin PBXFrameworksBuildPhase section */
		81F0B47A290C81EE008B1B84 /* Frameworks */ = {
			isa = PBXFrameworksBuildPhase;
			buildActionMask = 2147483647;
			files = (
			);
			runOnlyForDeploymentPostprocessing = 0;
		};
/* End PBXFrameworksBuildPhase section */

/* Begin PBXGroup section */
		81F0B474290C81EE008B1B84 = {
			isa = PBXGroup;
			children = (
				81F0B47F290C81EE008B1B84 /* my-travel-checklist */,
				81F0B47E290C81EE008B1B84 /* Products */,
			);
			sourceTree = "<group>";
		};
		81F0B47E290C81EE008B1B84 /* Products */ = {
			isa = PBXGroup;
			children = (
				81F0B47D290C81EE008B1B84 /* my-travel-checklist.app */,
			);
			name = Products;
			sourceTree = "<group>";
		};
		81F0B47F290C81EE008B1B84 /* my-travel-checklist */ = {
			isa = PBXGroup;
			children = (
				81F0B4C5290CDC4C008B1B84 /* Controllers */,
				81F0B4C4290CDC3E008B1B84 /* Models */,
				81F0B497290C82B0008B1B84 /* Files */,
				81F0B480290C81EE008B1B84 /* AppDelegate.swift */,
				81F0B486290C81EE008B1B84 /* Main.storyboard */,
				81F0B489290C81F3008B1B84 /* Assets.xcassets */,
				81F0B48B290C81F3008B1B84 /* LaunchScreen.storyboard */,
				81F0B4CD290E238D008B1B84 /* DestinationCell.swift */,
				81F0B4CF290E3057008B1B84 /* PackingListCell.swift */,
				81F0B4D3290F3CA7008B1B84 /* PastCell.swift */,
				81F0B56C29129989008B1B84 /* my-travel-checklist.xcdatamodeld */,
			);
			path = "my-travel-checklist";
			sourceTree = "<group>";
		};
		81F0B497290C82B0008B1B84 /* Files */ = {
			isa = PBXGroup;
			children = (
				81F0B48E290C81F3008B1B84 /* Info.plist */,
				81F0B482290C81EE008B1B84 /* SceneDelegate.swift */,
			);
			name = Files;
			sourceTree = "<group>";
		};
		81F0B4C4290CDC3E008B1B84 /* Models */ = {
			isa = PBXGroup;
			children = (
				81F0B58929134281008B1B84 /* CoreDataManager.swift */,
			);
			name = Models;
			sourceTree = "<group>";
		};
		81F0B4C5290CDC4C008B1B84 /* Controllers */ = {
			isa = PBXGroup;
			children = (
				81F0B494290C8299008B1B84 /* welcomeViewController.swift */,
				81F0B498290C85D9008B1B84 /* DestinationsViewController.swift */,
				81F0B49A290C85F6008B1B84 /* PastDestinationsViewController.swift */,
				81F0B4D1290E3543008B1B84 /* PackingListViewController.swift */,
				81F0B4D5290F3EE1008B1B84 /* AboutViewController.swift */,
			);
			name = Controllers;
			sourceTree = "<group>";
		};
/* End PBXGroup section */

/* Begin PBXNativeTarget section */
		81F0B47C290C81EE008B1B84 /* my-travel-checklist */ = {
			isa = PBXNativeTarget;
			buildConfigurationList = 81F0B491290C81F3008B1B84 /* Build configuration list for PBXNativeTarget "my-travel-checklist" */;
			buildPhases = (
				81F0B479290C81EE008B1B84 /* Sources */,
				81F0B47A290C81EE008B1B84 /* Frameworks */,
				81F0B47B290C81EE008B1B84 /* Resources */,
			);
			buildRules = (
			);
			dependencies = (
			);
			name = "my-travel-checklist";
			productName = "my-travel-checklist";
			productReference = 81F0B47D290C81EE008B1B84 /* my-travel-checklist.app */;
			productType = "com.apple.product-type.application";
		};
/* End PBXNativeTarget section */

/* Begin PBXProject section */
		81F0B475290C81EE008B1B84 /* Project object */ = {
			isa = PBXProject;
			attributes = {
				BuildIndependentTargetsInParallel = 1;
				LastSwiftUpdateCheck = 1340;
				LastUpgradeCheck = 1340;
				TargetAttributes = {
					81F0B47C290C81EE008B1B84 = {
						CreatedOnToolsVersion = 13.4.1;
					};
				};
			};
			buildConfigurationList = 81F0B478290C81EE008B1B84 /* Build configuration list for PBXProject "my-travel-checklist" */;
			compatibilityVersion = "Xcode 13.0";
			developmentRegion = en;
			hasScannedForEncodings = 0;
			knownRegions = (
				en,
				Base,
			);
			mainGroup = 81F0B474290C81EE008B1B84;
			productRefGroup = 81F0B47E290C81EE008B1B84 /* Products */;
			projectDirPath = "";
			projectRoot = "";
			targets = (
				81F0B47C290C81EE008B1B84 /* my-travel-checklist */,
			);
		};
/* End PBXProject section */

/* Begin PBXResourcesBuildPhase section */
		81F0B47B290C81EE008B1B84 /* Resources */ = {
			isa = PBXResourcesBuildPhase;
			buildActionMask = 2147483647;
			files = (
				81F0B48D290C81F3008B1B84 /* LaunchScreen.storyboard in Resources */,
				81F0B48A290C81F3008B1B84 /* Assets.xcassets in Resources */,
				81F0B488290C81EE008B1B84 /* Main.storyboard in Resources */,
			);
			runOnlyForDeploymentPostprocessing = 0;
		};
/* End PBXResourcesBuildPhase section */

/* Begin PBXSourcesBuildPhase section */
		81F0B479290C81EE008B1B84 /* Sources */ = {
			isa = PBXSourcesBuildPhase;
			buildActionMask = 2147483647;
			files = (
				81F0B495290C8299008B1B84 /* welcomeViewController.swift in Sources */,
				81F0B4D0290E3057008B1B84 /* PackingListCell.swift in Sources */,
				81F0B4D6290F3EE1008B1B84 /* AboutViewController.swift in Sources */,
				81F0B481290C81EE008B1B84 /* AppDelegate.swift in Sources */,
				81F0B56E29129989008B1B84 /* my-travel-checklist.xcdatamodeld in Sources */,
				81F0B4D2290E3543008B1B84 /* PackingListViewController.swift in Sources */,
				81F0B58A29134281008B1B84 /* CoreDataManager.swift in Sources */,
				81F0B4D4290F3CA7008B1B84 /* PastCell.swift in Sources */,
				81F0B4CE290E238D008B1B84 /* DestinationCell.swift in Sources */,
				81F0B483290C81EE008B1B84 /* SceneDelegate.swift in Sources */,
				81F0B499290C85D9008B1B84 /* DestinationsViewController.swift in Sources */,
				81F0B49B290C85F6008B1B84 /* PastDestinationsViewController.swift in Sources */,
			);
			runOnlyForDeploymentPostprocessing = 0;
		};
/* End PBXSourcesBuildPhase section */

/* Begin PBXVariantGroup section */
		81F0B486290C81EE008B1B84 /* Main.storyboard */ = {
			isa = PBXVariantGroup;
			children = (
				81F0B487290C81EE008B1B84 /* Base */,
			);
			name = Main.storyboard;
			sourceTree = "<group>";
		};
		81F0B48B290C81F3008B1B84 /* LaunchScreen.storyboard */ = {
			isa = PBXVariantGroup;
			children = (
				81F0B48C290C81F3008B1B84 /* Base */,
			);
			name = LaunchScreen.storyboard;
			sourceTree = "<group>";
		};
/* End PBXVariantGroup section */

/* Begin XCBuildConfiguration section */
		81F0B48F290C81F3008B1B84 /* Debug */ = {
			isa = XCBuildConfiguration;
			buildSettings = {
				ALWAYS_SEARCH_USER_PATHS = NO;
				CLANG_ANALYZER_NONNULL = YES;
				CLANG_ANALYZER_NUMBER_OBJECT_CONVERSION = YES_AGGRESSIVE;
				CLANG_CXX_LANGUAGE_STANDARD = "gnu++17";
				CLANG_ENABLE_MODULES = YES;
				CLANG_ENABLE_OBJC_ARC = YES;
				CLANG_ENABLE_OBJC_WEAK = YES;
				CLANG_WARN_BLOCK_CAPTURE_AUTORELEASING = YES;
				CLANG_WARN_BOOL_CONVERSION = YES;
				CLANG_WARN_COMMA = YES;
				CLANG_WARN_CONSTANT_CONVERSION = YES;
				CLANG_WARN_DEPRECATED_OBJC_IMPLEMENTATIONS = YES;
				CLANG_WARN_DIRECT_OBJC_ISA_USAGE = YES_ERROR;
				CLANG_WARN_DOCUMENTATION_COMMENTS = YES;
				CLANG_WARN_EMPTY_BODY = YES;
				CLANG_WARN_ENUM_CONVERSION = YES;
				CLANG_WARN_INFINITE_RECURSION = YES;
				CLANG_WARN_INT_CONVERSION = YES;
				CLANG_WARN_NON_LITERAL_NULL_CONVERSION = YES;
				CLANG_WARN_OBJC_IMPLICIT_RETAIN_SELF = YES;
				CLANG_WARN_OBJC_LITERAL_CONVERSION = YES;
				CLANG_WARN_OBJC_ROOT_CLASS = YES_ERROR;
				CLANG_WARN_QUOTED_INCLUDE_IN_FRAMEWORK_HEADER = YES;
				CLANG_WARN_RANGE_LOOP_ANALYSIS = YES;
				CLANG_WARN_STRICT_PROTOTYPES = YES;
				CLANG_WARN_SUSPICIOUS_MOVE = YES;
				CLANG_WARN_UNGUARDED_AVAILABILITY = YES_AGGRESSIVE;
				CLANG_WARN_UNREACHABLE_CODE = YES;
				CLANG_WARN__DUPLICATE_METHOD_MATCH = YES;
				COPY_PHASE_STRIP = NO;
				DEBUG_INFORMATION_FORMAT = dwarf;
				ENABLE_STRICT_OBJC_MSGSEND = YES;
				ENABLE_TESTABILITY = YES;
				GCC_C_LANGUAGE_STANDARD = gnu11;
				GCC_DYNAMIC_NO_PIC = NO;
				GCC_NO_COMMON_BLOCKS = YES;
				GCC_OPTIMIZATION_LEVEL = 0;
				GCC_PREPROCESSOR_DEFINITIONS = (
					"DEBUG=1",
					"$(inherited)",
				);
				GCC_WARN_64_TO_32_BIT_CONVERSION = YES;
				GCC_WARN_ABOUT_RETURN_TYPE = YES_ERROR;
				GCC_WARN_UNDECLARED_SELECTOR = YES;
				GCC_WARN_UNINITIALIZED_AUTOS = YES_AGGRESSIVE;
				GCC_WARN_UNUSED_FUNCTION = YES;
				GCC_WARN_UNUSED_VARIABLE = YES;
				IPHONEOS_DEPLOYMENT_TARGET = 15.5;
				MTL_ENABLE_DEBUG_INFO = INCLUDE_SOURCE;
				MTL_FAST_MATH = YES;
				ONLY_ACTIVE_ARCH = YES;
				SDKROOT = iphoneos;
				SWIFT_ACTIVE_COMPILATION_CONDITIONS = DEBUG;
				SWIFT_OPTIMIZATION_LEVEL = "-Onone";
			};
			name = Debug;
		};
		81F0B490290C81F3008B1B84 /* Release */ = {
			isa = XCBuildConfiguration;
			buildSettings = {
				ALWAYS_SEARCH_USER_PATHS = NO;
				CLANG_ANALYZER_NONNULL = YES;
				CLANG_ANALYZER_NUMBER_OBJECT_CONVERSION = YES_AGGRESSIVE;
				CLANG_CXX_LANGUAGE_STANDARD = "gnu++17";
				CLANG_ENABLE_MODULES = YES;
				CLANG_ENABLE_OBJC_ARC = YES;
				CLANG_ENABLE_OBJC_WEAK = YES;
				CLANG_WARN_BLOCK_CAPTURE_AUTORELEASING = YES;
				CLANG_WARN_BOOL_CONVERSION = YES;
				CLANG_WARN_COMMA = YES;
				CLANG_WARN_CONSTANT_CONVERSION = YES;
				CLANG_WARN_DEPRECATED_OBJC_IMPLEMENTATIONS = YES;
				CLANG_WARN_DIRECT_OBJC_ISA_USAGE = YES_ERROR;
				CLANG_WARN_DOCUMENTATION_COMMENTS = YES;
				CLANG_WARN_EMPTY_BODY = YES;
				CLANG_WARN_ENUM_CONVERSION = YES;
				CLANG_WARN_INFINITE_RECURSION = YES;
				CLANG_WARN_INT_CONVERSION = YES;
				CLANG_WARN_NON_LITERAL_NULL_CONVERSION = YES;
				CLANG_WARN_OBJC_IMPLICIT_RETAIN_SELF = YES;
				CLANG_WARN_OBJC_LITERAL_CONVERSION = YES;
				CLANG_WARN_OBJC_ROOT_CLASS = YES_ERROR;
				CLANG_WARN_QUOTED_INCLUDE_IN_FRAMEWORK_HEADER = YES;
				CLANG_WARN_RANGE_LOOP_ANALYSIS = YES;
				CLANG_WARN_STRICT_PROTOTYPES = YES;
				CLANG_WARN_SUSPICIOUS_MOVE = YES;
				CLANG_WARN_UNGUARDED_AVAILABILITY = YES_AGGRESSIVE;
				CLANG_WARN_UNREACHABLE_CODE = YES;
				CLANG_WARN__DUPLICATE_METHOD_MATCH = YES;
				COPY_PHASE_STRIP = NO;
				DEBUG_INFORMATION_FORMAT = "dwarf-with-dsym";
				ENABLE_NS_ASSERTIONS = NO;
				ENABLE_STRICT_OBJC_MSGSEND = YES;
				GCC_C_LANGUAGE_STANDARD = gnu11;
				GCC_NO_COMMON_BLOCKS = YES;
				GCC_WARN_64_TO_32_BIT_CONVERSION = YES;
				GCC_WARN_ABOUT_RETURN_TYPE = YES_ERROR;
				GCC_WARN_UNDECLARED_SELECTOR = YES;
				GCC_WARN_UNINITIALIZED_AUTOS = YES_AGGRESSIVE;
				GCC_WARN_UNUSED_FUNCTION = YES;
				GCC_WARN_UNUSED_VARIABLE = YES;
				IPHONEOS_DEPLOYMENT_TARGET = 15.5;
				MTL_ENABLE_DEBUG_INFO = NO;
				MTL_FAST_MATH = YES;
				SDKROOT = iphoneos;
				SWIFT_COMPILATION_MODE = wholemodule;
				SWIFT_OPTIMIZATION_LEVEL = "-O";
				VALIDATE_PRODUCT = YES;
			};
			name = Release;
		};
		81F0B492290C81F3008B1B84 /* Debug */ = {
			isa = XCBuildConfiguration;
			buildSettings = {
				ASSETCATALOG_COMPILER_APPICON_NAME = AppIcon;
				ASSETCATALOG_COMPILER_GLOBAL_ACCENT_COLOR_NAME = AccentColor;
				CODE_SIGN_STYLE = Automatic;
				CURRENT_PROJECT_VERSION = 1;
				GENERATE_INFOPLIST_FILE = YES;
				INFOPLIST_FILE = "my-travel-checklist/Info.plist";
				INFOPLIST_KEY_UIApplicationSupportsIndirectInputEvents = YES;
				INFOPLIST_KEY_UILaunchStoryboardName = LaunchScreen;
				INFOPLIST_KEY_UIMainStoryboardFile = Main;
				INFOPLIST_KEY_UISupportedInterfaceOrientations_iPad = "UIInterfaceOrientationPortrait UIInterfaceOrientationPortraitUpsideDown UIInterfaceOrientationLandscapeLeft UIInterfaceOrientationLandscapeRight";
				INFOPLIST_KEY_UISupportedInterfaceOrientations_iPhone = "UIInterfaceOrientationPortrait UIInterfaceOrientationLandscapeLeft UIInterfaceOrientationLandscapeRight";
				LD_RUNPATH_SEARCH_PATHS = (
					"$(inherited)",
					"@executable_path/Frameworks",
				);
				MARKETING_VERSION = 1.0;
				PRODUCT_BUNDLE_IDENTIFIER = "com.boris.my-travel-checklist";
				PRODUCT_NAME = "$(TARGET_NAME)";
				SWIFT_EMIT_LOC_STRINGS = YES;
				SWIFT_VERSION = 5.0;
				TARGETED_DEVICE_FAMILY = "1,2";
			};
			name = Debug;
		};
		81F0B493290C81F3008B1B84 /* Release */ = {
			isa = XCBuildConfiguration;
			buildSettings = {
				ASSETCATALOG_COMPILER_APPICON_NAME = AppIcon;
				ASSETCATALOG_COMPILER_GLOBAL_ACCENT_COLOR_NAME = AccentColor;
				CODE_SIGN_STYLE = Automatic;
				CURRENT_PROJECT_VERSION = 1;
				GENERATE_INFOPLIST_FILE = YES;
				INFOPLIST_FILE = "my-travel-checklist/Info.plist";
				INFOPLIST_KEY_UIApplicationSupportsIndirectInputEvents = YES;
				INFOPLIST_KEY_UILaunchStoryboardName = LaunchScreen;
				INFOPLIST_KEY_UIMainStoryboardFile = Main;
				INFOPLIST_KEY_UISupportedInterfaceOrientations_iPad = "UIInterfaceOrientationPortrait UIInterfaceOrientationPortraitUpsideDown UIInterfaceOrientationLandscapeLeft UIInterfaceOrientationLandscapeRight";
				INFOPLIST_KEY_UISupportedInterfaceOrientations_iPhone = "UIInterfaceOrientationPortrait UIInterfaceOrientationLandscapeLeft UIInterfaceOrientationLandscapeRight";
				LD_RUNPATH_SEARCH_PATHS = (
					"$(inherited)",
					"@executable_path/Frameworks",
				);
				MARKETING_VERSION = 1.0;
				PRODUCT_BUNDLE_IDENTIFIER = "com.boris.my-travel-checklist";
				PRODUCT_NAME = "$(TARGET_NAME)";
				SWIFT_EMIT_LOC_STRINGS = YES;
				SWIFT_VERSION = 5.0;
				TARGETED_DEVICE_FAMILY = "1,2";
			};
			name = Release;
		};
/* End XCBuildConfiguration section */

/* Begin XCConfigurationList section */
		81F0B478290C81EE008B1B84 /* Build configuration list for PBXProject "my-travel-checklist" */ = {
			isa = XCConfigurationList;
			buildConfigurations = (
				81F0B48F290C81F3008B1B84 /* Debug */,
				81F0B490290C81F3008B1B84 /* Release */,
			);
			defaultConfigurationIsVisible = 0;
			defaultConfigurationName = Release;
		};
		81F0B491290C81F3008B1B84 /* Build configuration list for PBXNativeTarget "my-travel-checklist" */ = {
			isa = XCConfigurationList;
			buildConfigurations = (
				81F0B492290C81F3008B1B84 /* Debug */,
				81F0B493290C81F3008B1B84 /* Release */,
			);
			defaultConfigurationIsVisible = 0;
			defaultConfigurationName = Release;
		};
/* End XCConfigurationList section */

/* Begin XCVersionGroup section */
		81F0B56C29129989008B1B84 /* my-travel-checklist.xcdatamodeld */ = {
			isa = XCVersionGroup;
			children = (
				81F0B56D29129989008B1B84 /* my-travel-checklist.xcdatamodel */,
			);
			currentVersion = 81F0B56D29129989008B1B84 /* my-travel-checklist.xcdatamodel */;
			path = "my-travel-checklist.xcdatamodeld";
			sourceTree = "<group>";
			versionGroupType = wrapper.xcdatamodel;
		};
/* End XCVersionGroup section */
	};
	rootObject = 81F0B475290C81EE008B1B84 /* Project object */;
}
